// !$*UTF8*$!
{
	archiveVersion = 1;
	classes = {
	};
	objectVersion = 56;
	objects = {

/* Begin PBXBuildFile section */
		114A9C082988F6AC006C6320 /* GoogleService-Info.plist in Resources */ = {isa = PBXBuildFile; fileRef = 114A9C072988F6AC006C6320 /* GoogleService-Info.plist */; };
		114A9C0B2988F78A006C6320 /* FirebaseAuth in Frameworks */ = {isa = PBXBuildFile; productRef = 114A9C0A2988F78A006C6320 /* FirebaseAuth */; };
		114A9C0D2988F78A006C6320 /* FirebaseFirestore in Frameworks */ = {isa = PBXBuildFile; productRef = 114A9C0C2988F78A006C6320 /* FirebaseFirestore */; };
		114A9C0F2988F78A006C6320 /* FirebaseFirestoreSwift in Frameworks */ = {isa = PBXBuildFile; productRef = 114A9C0E2988F78A006C6320 /* FirebaseFirestoreSwift */; };
		114A9C112988F78A006C6320 /* FirebaseFunctions in Frameworks */ = {isa = PBXBuildFile; productRef = 114A9C102988F78A006C6320 /* FirebaseFunctions */; };
		114A9C1629890FCE006C6320 /* Recepie.swift in Sources */ = {isa = PBXBuildFile; fileRef = 114A9C1529890FCE006C6320 /* Recepie.swift */; };
		114A9C1829891465006C6320 /* TempRecepieSaver.swift in Sources */ = {isa = PBXBuildFile; fileRef = 114A9C1729891465006C6320 /* TempRecepieSaver.swift */; };
		114A9C1A29891952006C6320 /* RecepiesList.swift in Sources */ = {isa = PBXBuildFile; fileRef = 114A9C1929891952006C6320 /* RecepiesList.swift */; };
		11D7A9FB297F046E00FDC720 /* FreshRecepiesApp.swift in Sources */ = {isa = PBXBuildFile; fileRef = 11D7A9FA297F046E00FDC720 /* FreshRecepiesApp.swift */; };
		11D7A9FF297F047000FDC720 /* Assets.xcassets in Resources */ = {isa = PBXBuildFile; fileRef = 11D7A9FE297F047000FDC720 /* Assets.xcassets */; };
		11D7AA02297F047000FDC720 /* Preview Assets.xcassets in Resources */ = {isa = PBXBuildFile; fileRef = 11D7AA01297F047000FDC720 /* Preview Assets.xcassets */; };
		11D7AA0C297F047000FDC720 /* FreshRecepiesTests.swift in Sources */ = {isa = PBXBuildFile; fileRef = 11D7AA0B297F047000FDC720 /* FreshRecepiesTests.swift */; };
		11D7AA16297F047000FDC720 /* FreshRecepiesUITests.swift in Sources */ = {isa = PBXBuildFile; fileRef = 11D7AA15297F047000FDC720 /* FreshRecepiesUITests.swift */; };
		11D7AA18297F047000FDC720 /* FreshRecepiesUITestsLaunchTests.swift in Sources */ = {isa = PBXBuildFile; fileRef = 11D7AA17297F047000FDC720 /* FreshRecepiesUITestsLaunchTests.swift */; };
		11DBAC06297F0A9000D84B22 /* StartPageView.swift in Sources */ = {isa = PBXBuildFile; fileRef = 11DBAC05297F0A9000D84B22 /* StartPageView.swift */; };
		11DBAC09297F161100D84B22 /* RecepieView.swift in Sources */ = {isa = PBXBuildFile; fileRef = 11DBAC08297F161100D84B22 /* RecepieView.swift */; };
		11DBAC0B297FC8A100D84B22 /* ShoppingListView.swift in Sources */ = {isa = PBXBuildFile; fileRef = 11DBAC0A297FC8A100D84B22 /* ShoppingListView.swift */; };
		11FA2C5129910E690000881F /* RecepieInstructionView.swift in Sources */ = {isa = PBXBuildFile; fileRef = 11FA2C5029910E690000881F /* RecepieInstructionView.swift */; };
/* End PBXBuildFile section */

/* Begin PBXContainerItemProxy section */
		11D7AA08297F047000FDC720 /* PBXContainerItemProxy */ = {
			isa = PBXContainerItemProxy;
			containerPortal = 11D7A9EF297F046E00FDC720 /* Project object */;
			proxyType = 1;
			remoteGlobalIDString = 11D7A9F6297F046E00FDC720;
			remoteInfo = FreshRecepies;
		};
		11D7AA12297F047000FDC720 /* PBXContainerItemProxy */ = {
			isa = PBXContainerItemProxy;
			containerPortal = 11D7A9EF297F046E00FDC720 /* Project object */;
			proxyType = 1;
			remoteGlobalIDString = 11D7A9F6297F046E00FDC720;
			remoteInfo = FreshRecepies;
		};
/* End PBXContainerItemProxy section */

/* Begin PBXFileReference section */
		114A9C072988F6AC006C6320 /* GoogleService-Info.plist */ = {isa = PBXFileReference; fileEncoding = 4; lastKnownFileType = text.plist.xml; path = "GoogleService-Info.plist"; sourceTree = "<group>"; };
		114A9C1529890FCE006C6320 /* Recepie.swift */ = {isa = PBXFileReference; lastKnownFileType = sourcecode.swift; path = Recepie.swift; sourceTree = "<group>"; };
		114A9C1729891465006C6320 /* TempRecepieSaver.swift */ = {isa = PBXFileReference; lastKnownFileType = sourcecode.swift; path = TempRecepieSaver.swift; sourceTree = "<group>"; };
		114A9C1929891952006C6320 /* RecepiesList.swift */ = {isa = PBXFileReference; lastKnownFileType = sourcecode.swift; path = RecepiesList.swift; sourceTree = "<group>"; };
		11D7A9F7297F046E00FDC720 /* FreshRecepies.app */ = {isa = PBXFileReference; explicitFileType = wrapper.application; includeInIndex = 0; path = FreshRecepies.app; sourceTree = BUILT_PRODUCTS_DIR; };
		11D7A9FA297F046E00FDC720 /* FreshRecepiesApp.swift */ = {isa = PBXFileReference; lastKnownFileType = sourcecode.swift; path = FreshRecepiesApp.swift; sourceTree = "<group>"; };
		11D7A9FE297F047000FDC720 /* Assets.xcassets */ = {isa = PBXFileReference; lastKnownFileType = folder.assetcatalog; path = Assets.xcassets; sourceTree = "<group>"; };
		11D7AA01297F047000FDC720 /* Preview Assets.xcassets */ = {isa = PBXFileReference; lastKnownFileType = folder.assetcatalog; path = "Preview Assets.xcassets"; sourceTree = "<group>"; };
		11D7AA07297F047000FDC720 /* FreshRecepiesTests.xctest */ = {isa = PBXFileReference; explicitFileType = wrapper.cfbundle; includeInIndex = 0; path = FreshRecepiesTests.xctest; sourceTree = BUILT_PRODUCTS_DIR; };
		11D7AA0B297F047000FDC720 /* FreshRecepiesTests.swift */ = {isa = PBXFileReference; lastKnownFileType = sourcecode.swift; path = FreshRecepiesTests.swift; sourceTree = "<group>"; };
		11D7AA11297F047000FDC720 /* FreshRecepiesUITests.xctest */ = {isa = PBXFileReference; explicitFileType = wrapper.cfbundle; includeInIndex = 0; path = FreshRecepiesUITests.xctest; sourceTree = BUILT_PRODUCTS_DIR; };
		11D7AA15297F047000FDC720 /* FreshRecepiesUITests.swift */ = {isa = PBXFileReference; lastKnownFileType = sourcecode.swift; path = FreshRecepiesUITests.swift; sourceTree = "<group>"; };
		11D7AA17297F047000FDC720 /* FreshRecepiesUITestsLaunchTests.swift */ = {isa = PBXFileReference; lastKnownFileType = sourcecode.swift; path = FreshRecepiesUITestsLaunchTests.swift; sourceTree = "<group>"; };
		11DBAC05297F0A9000D84B22 /* StartPageView.swift */ = {isa = PBXFileReference; lastKnownFileType = sourcecode.swift; path = StartPageView.swift; sourceTree = "<group>"; };
		11DBAC08297F161100D84B22 /* RecepieView.swift */ = {isa = PBXFileReference; lastKnownFileType = sourcecode.swift; path = RecepieView.swift; sourceTree = "<group>"; };
		11DBAC0A297FC8A100D84B22 /* ShoppingListView.swift */ = {isa = PBXFileReference; lastKnownFileType = sourcecode.swift; path = ShoppingListView.swift; sourceTree = "<group>"; };
		11FA2C5029910E690000881F /* RecepieInstructionView.swift */ = {isa = PBXFileReference; lastKnownFileType = sourcecode.swift; path = RecepieInstructionView.swift; sourceTree = "<group>"; };
/* End PBXFileReference section */

/* Begin PBXFrameworksBuildPhase section */
		11D7A9F4297F046E00FDC720 /* Frameworks */ = {
			isa = PBXFrameworksBuildPhase;
			buildActionMask = 2147483647;
			files = (
				114A9C0B2988F78A006C6320 /* FirebaseAuth in Frameworks */,
				114A9C0D2988F78A006C6320 /* FirebaseFirestore in Frameworks */,
				114A9C0F2988F78A006C6320 /* FirebaseFirestoreSwift in Frameworks */,
				114A9C112988F78A006C6320 /* FirebaseFunctions in Frameworks */,
			);
			runOnlyForDeploymentPostprocessing = 0;
		};
		11D7AA04297F047000FDC720 /* Frameworks */ = {
			isa = PBXFrameworksBuildPhase;
			buildActionMask = 2147483647;
			files = (
			);
			runOnlyForDeploymentPostprocessing = 0;
		};
		11D7AA0E297F047000FDC720 /* Frameworks */ = {
			isa = PBXFrameworksBuildPhase;
			buildActionMask = 2147483647;
			files = (
			);
			runOnlyForDeploymentPostprocessing = 0;
		};
/* End PBXFrameworksBuildPhase section */

/* Begin PBXGroup section */
		114A9C1429890FB0006C6320 /* Model */ = {
			isa = PBXGroup;
			children = (
				114A9C1929891952006C6320 /* RecepiesList.swift */,
				114A9C1529890FCE006C6320 /* Recepie.swift */,
				114A9C1729891465006C6320 /* TempRecepieSaver.swift */,
			);
			path = Model;
			sourceTree = "<group>";
		};
		11D7A9EE297F046E00FDC720 = {
			isa = PBXGroup;
			children = (
				114A9C072988F6AC006C6320 /* GoogleService-Info.plist */,
				114A9C1429890FB0006C6320 /* Model */,
				11DBAC07297F0C9000D84B22 /* Views */,
				11D7A9F9297F046E00FDC720 /* FreshRecepies */,
				11D7AA0A297F047000FDC720 /* FreshRecepiesTests */,
				11D7AA14297F047000FDC720 /* FreshRecepiesUITests */,
				11D7A9F8297F046E00FDC720 /* Products */,
			);
			sourceTree = "<group>";
		};
		11D7A9F8297F046E00FDC720 /* Products */ = {
			isa = PBXGroup;
			children = (
				11D7A9F7297F046E00FDC720 /* FreshRecepies.app */,
				11D7AA07297F047000FDC720 /* FreshRecepiesTests.xctest */,
				11D7AA11297F047000FDC720 /* FreshRecepiesUITests.xctest */,
			);
			name = Products;
			sourceTree = "<group>";
		};
		11D7A9F9297F046E00FDC720 /* FreshRecepies */ = {
			isa = PBXGroup;
			children = (
				11D7A9FA297F046E00FDC720 /* FreshRecepiesApp.swift */,
				11D7A9FE297F047000FDC720 /* Assets.xcassets */,
				11D7AA00297F047000FDC720 /* Preview Content */,
			);
			path = FreshRecepies;
			sourceTree = "<group>";
		};
		11D7AA00297F047000FDC720 /* Preview Content */ = {
			isa = PBXGroup;
			children = (
				11D7AA01297F047000FDC720 /* Preview Assets.xcassets */,
			);
			path = "Preview Content";
			sourceTree = "<group>";
		};
		11D7AA0A297F047000FDC720 /* FreshRecepiesTests */ = {
			isa = PBXGroup;
			children = (
				11D7AA0B297F047000FDC720 /* FreshRecepiesTests.swift */,
			);
			path = FreshRecepiesTests;
			sourceTree = "<group>";
		};
		11D7AA14297F047000FDC720 /* FreshRecepiesUITests */ = {
			isa = PBXGroup;
			children = (
				11D7AA15297F047000FDC720 /* FreshRecepiesUITests.swift */,
				11D7AA17297F047000FDC720 /* FreshRecepiesUITestsLaunchTests.swift */,
			);
			path = FreshRecepiesUITests;
			sourceTree = "<group>";
		};
		11DBAC07297F0C9000D84B22 /* Views */ = {
			isa = PBXGroup;
			children = (
				11DBAC05297F0A9000D84B22 /* StartPageView.swift */,
				11DBAC08297F161100D84B22 /* RecepieView.swift */,
				11DBAC0A297FC8A100D84B22 /* ShoppingListView.swift */,
				11FA2C5029910E690000881F /* RecepieInstructionView.swift */,
			);
			path = Views;
			sourceTree = "<group>";
		};
/* End PBXGroup section */

/* Begin PBXNativeTarget section */
		11D7A9F6297F046E00FDC720 /* FreshRecepies */ = {
			isa = PBXNativeTarget;
			buildConfigurationList = 11D7AA1B297F047000FDC720 /* Build configuration list for PBXNativeTarget "FreshRecepies" */;
			buildPhases = (
				11D7A9F3297F046E00FDC720 /* Sources */,
				11D7A9F4297F046E00FDC720 /* Frameworks */,
				11D7A9F5297F046E00FDC720 /* Resources */,
			);
			buildRules = (
			);
			dependencies = (
			);
			name = FreshRecepies;
			packageProductDependencies = (
				114A9C0A2988F78A006C6320 /* FirebaseAuth */,
				114A9C0C2988F78A006C6320 /* FirebaseFirestore */,
				114A9C0E2988F78A006C6320 /* FirebaseFirestoreSwift */,
				114A9C102988F78A006C6320 /* FirebaseFunctions */,
			);
			productName = FreshRecepies;
			productReference = 11D7A9F7297F046E00FDC720 /* FreshRecepies.app */;
			productType = "com.apple.product-type.application";
		};
		11D7AA06297F047000FDC720 /* FreshRecepiesTests */ = {
			isa = PBXNativeTarget;
			buildConfigurationList = 11D7AA1E297F047000FDC720 /* Build configuration list for PBXNativeTarget "FreshRecepiesTests" */;
			buildPhases = (
				11D7AA03297F047000FDC720 /* Sources */,
				11D7AA04297F047000FDC720 /* Frameworks */,
				11D7AA05297F047000FDC720 /* Resources */,
			);
			buildRules = (
			);
			dependencies = (
				11D7AA09297F047000FDC720 /* PBXTargetDependency */,
			);
			name = FreshRecepiesTests;
			productName = FreshRecepiesTests;
			productReference = 11D7AA07297F047000FDC720 /* FreshRecepiesTests.xctest */;
			productType = "com.apple.product-type.bundle.unit-test";
		};
		11D7AA10297F047000FDC720 /* FreshRecepiesUITests */ = {
			isa = PBXNativeTarget;
			buildConfigurationList = 11D7AA21297F047000FDC720 /* Build configuration list for PBXNativeTarget "FreshRecepiesUITests" */;
			buildPhases = (
				11D7AA0D297F047000FDC720 /* Sources */,
				11D7AA0E297F047000FDC720 /* Frameworks */,
				11D7AA0F297F047000FDC720 /* Resources */,
			);
			buildRules = (
			);
			dependencies = (
				11D7AA13297F047000FDC720 /* PBXTargetDependency */,
			);
			name = FreshRecepiesUITests;
			productName = FreshRecepiesUITests;
			productReference = 11D7AA11297F047000FDC720 /* FreshRecepiesUITests.xctest */;
			productType = "com.apple.product-type.bundle.ui-testing";
		};
/* End PBXNativeTarget section */

/* Begin PBXProject section */
		11D7A9EF297F046E00FDC720 /* Project object */ = {
			isa = PBXProject;
			attributes = {
				BuildIndependentTargetsInParallel = 1;
				LastSwiftUpdateCheck = 1420;
				LastUpgradeCheck = 1420;
				TargetAttributes = {
					11D7A9F6297F046E00FDC720 = {
						CreatedOnToolsVersion = 14.2;
					};
					11D7AA06297F047000FDC720 = {
						CreatedOnToolsVersion = 14.2;
						TestTargetID = 11D7A9F6297F046E00FDC720;
					};
					11D7AA10297F047000FDC720 = {
						CreatedOnToolsVersion = 14.2;
						TestTargetID = 11D7A9F6297F046E00FDC720;
					};
				};
			};
			buildConfigurationList = 11D7A9F2297F046E00FDC720 /* Build configuration list for PBXProject "FreshRecepies" */;
			compatibilityVersion = "Xcode 14.0";
			developmentRegion = en;
			hasScannedForEncodings = 0;
			knownRegions = (
				en,
				Base,
			);
			mainGroup = 11D7A9EE297F046E00FDC720;
			packageReferences = (
				114A9C092988F78A006C6320 /* XCRemoteSwiftPackageReference "firebase-ios-sdk" */,
			);
			productRefGroup = 11D7A9F8297F046E00FDC720 /* Products */;
			projectDirPath = "";
			projectRoot = "";
			targets = (
				11D7A9F6297F046E00FDC720 /* FreshRecepies */,
				11D7AA06297F047000FDC720 /* FreshRecepiesTests */,
				11D7AA10297F047000FDC720 /* FreshRecepiesUITests */,
			);
		};
/* End PBXProject section */

/* Begin PBXResourcesBuildPhase section */
		11D7A9F5297F046E00FDC720 /* Resources */ = {
			isa = PBXResourcesBuildPhase;
			buildActionMask = 2147483647;
			files = (
				11D7AA02297F047000FDC720 /* Preview Assets.xcassets in Resources */,
				11D7A9FF297F047000FDC720 /* Assets.xcassets in Resources */,
				114A9C082988F6AC006C6320 /* GoogleService-Info.plist in Resources */,
			);
			runOnlyForDeploymentPostprocessing = 0;
		};
		11D7AA05297F047000FDC720 /* Resources */ = {
			isa = PBXResourcesBuildPhase;
			buildActionMask = 2147483647;
			files = (
			);
			runOnlyForDeploymentPostprocessing = 0;
		};
		11D7AA0F297F047000FDC720 /* Resources */ = {
			isa = PBXResourcesBuildPhase;
			buildActionMask = 2147483647;
			files = (
			);
			runOnlyForDeploymentPostprocessing = 0;
		};
/* End PBXResourcesBuildPhase section */

/* Begin PBXSourcesBuildPhase section */
		11D7A9F3297F046E00FDC720 /* Sources */ = {
			isa = PBXSourcesBuildPhase;
			buildActionMask = 2147483647;
			files = (
				11DBAC0B297FC8A100D84B22 /* ShoppingListView.swift in Sources */,
				11FA2C5129910E690000881F /* RecepieInstructionView.swift in Sources */,
				11DBAC06297F0A9000D84B22 /* StartPageView.swift in Sources */,
				114A9C1A29891952006C6320 /* RecepiesList.swift in Sources */,
				11D7A9FB297F046E00FDC720 /* FreshRecepiesApp.swift in Sources */,
				114A9C1829891465006C6320 /* TempRecepieSaver.swift in Sources */,
				114A9C1629890FCE006C6320 /* Recepie.swift in Sources */,
				11DBAC09297F161100D84B22 /* RecepieView.swift in Sources */,
			);
			runOnlyForDeploymentPostprocessing = 0;
		};
		11D7AA03297F047000FDC720 /* Sources */ = {
			isa = PBXSourcesBuildPhase;
			buildActionMask = 2147483647;
			files = (
				11D7AA0C297F047000FDC720 /* FreshRecepiesTests.swift in Sources */,
			);
			runOnlyForDeploymentPostprocessing = 0;
		};
		11D7AA0D297F047000FDC720 /* Sources */ = {
			isa = PBXSourcesBuildPhase;
			buildActionMask = 2147483647;
			files = (
				11D7AA16297F047000FDC720 /* FreshRecepiesUITests.swift in Sources */,
				11D7AA18297F047000FDC720 /* FreshRecepiesUITestsLaunchTests.swift in Sources */,
			);
			runOnlyForDeploymentPostprocessing = 0;
		};
/* End PBXSourcesBuildPhase section */

/* Begin PBXTargetDependency section */
		11D7AA09297F047000FDC720 /* PBXTargetDependency */ = {
			isa = PBXTargetDependency;
			target = 11D7A9F6297F046E00FDC720 /* FreshRecepies */;
			targetProxy = 11D7AA08297F047000FDC720 /* PBXContainerItemProxy */;
		};
		11D7AA13297F047000FDC720 /* PBXTargetDependency */ = {
			isa = PBXTargetDependency;
			target = 11D7A9F6297F046E00FDC720 /* FreshRecepies */;
			targetProxy = 11D7AA12297F047000FDC720 /* PBXContainerItemProxy */;
		};
/* End PBXTargetDependency section */

/* Begin XCBuildConfiguration section */
		11D7AA19297F047000FDC720 /* Debug */ = {
			isa = XCBuildConfiguration;
			buildSettings = {
				ALWAYS_SEARCH_USER_PATHS = NO;
				CLANG_ANALYZER_NONNULL = YES;
				CLANG_ANALYZER_NUMBER_OBJECT_CONVERSION = YES_AGGRESSIVE;
				CLANG_CXX_LANGUAGE_STANDARD = "gnu++20";
				CLANG_ENABLE_MODULES = YES;
				CLANG_ENABLE_OBJC_ARC = YES;
				CLANG_ENABLE_OBJC_WEAK = YES;
				CLANG_WARN_BLOCK_CAPTURE_AUTORELEASING = YES;
				CLANG_WARN_BOOL_CONVERSION = YES;
				CLANG_WARN_COMMA = YES;
				CLANG_WARN_CONSTANT_CONVERSION = YES;
				CLANG_WARN_DEPRECATED_OBJC_IMPLEMENTATIONS = YES;
				CLANG_WARN_DIRECT_OBJC_ISA_USAGE = YES_ERROR;
				CLANG_WARN_DOCUMENTATION_COMMENTS = YES;
				CLANG_WARN_EMPTY_BODY = YES;
				CLANG_WARN_ENUM_CONVERSION = YES;
				CLANG_WARN_INFINITE_RECURSION = YES;
				CLANG_WARN_INT_CONVERSION = YES;
				CLANG_WARN_NON_LITERAL_NULL_CONVERSION = YES;
				CLANG_WARN_OBJC_IMPLICIT_RETAIN_SELF = YES;
				CLANG_WARN_OBJC_LITERAL_CONVERSION = YES;
				CLANG_WARN_OBJC_ROOT_CLASS = YES_ERROR;
				CLANG_WARN_QUOTED_INCLUDE_IN_FRAMEWORK_HEADER = YES;
				CLANG_WARN_RANGE_LOOP_ANALYSIS = YES;
				CLANG_WARN_STRICT_PROTOTYPES = YES;
				CLANG_WARN_SUSPICIOUS_MOVE = YES;
				CLANG_WARN_UNGUARDED_AVAILABILITY = YES_AGGRESSIVE;
				CLANG_WARN_UNREACHABLE_CODE = YES;
				CLANG_WARN__DUPLICATE_METHOD_MATCH = YES;
				COPY_PHASE_STRIP = NO;
				DEBUG_INFORMATION_FORMAT = dwarf;
				ENABLE_STRICT_OBJC_MSGSEND = YES;
				ENABLE_TESTABILITY = YES;
				GCC_C_LANGUAGE_STANDARD = gnu11;
				GCC_DYNAMIC_NO_PIC = NO;
				GCC_NO_COMMON_BLOCKS = YES;
				GCC_OPTIMIZATION_LEVEL = 0;
				GCC_PREPROCESSOR_DEFINITIONS = (
					"DEBUG=1",
					"$(inherited)",
				);
				GCC_WARN_64_TO_32_BIT_CONVERSION = YES;
				GCC_WARN_ABOUT_RETURN_TYPE = YES_ERROR;
				GCC_WARN_UNDECLARED_SELECTOR = YES;
				GCC_WARN_UNINITIALIZED_AUTOS = YES_AGGRESSIVE;
				GCC_WARN_UNUSED_FUNCTION = YES;
				GCC_WARN_UNUSED_VARIABLE = YES;
				IPHONEOS_DEPLOYMENT_TARGET = 16.2;
				MTL_ENABLE_DEBUG_INFO = INCLUDE_SOURCE;
				MTL_FAST_MATH = YES;
				ONLY_ACTIVE_ARCH = YES;
				SDKROOT = iphoneos;
				SWIFT_ACTIVE_COMPILATION_CONDITIONS = DEBUG;
				SWIFT_OPTIMIZATION_LEVEL = "-Onone";
			};
			name = Debug;
		};
		11D7AA1A297F047000FDC720 /* Release */ = {
			isa = XCBuildConfiguration;
			buildSettings = {
				ALWAYS_SEARCH_USER_PATHS = NO;
				CLANG_ANALYZER_NONNULL = YES;
				CLANG_ANALYZER_NUMBER_OBJECT_CONVERSION = YES_AGGRESSIVE;
				CLANG_CXX_LANGUAGE_STANDARD = "gnu++20";
				CLANG_ENABLE_MODULES = YES;
				CLANG_ENABLE_OBJC_ARC = YES;
				CLANG_ENABLE_OBJC_WEAK = YES;
				CLANG_WARN_BLOCK_CAPTURE_AUTORELEASING = YES;
				CLANG_WARN_BOOL_CONVERSION = YES;
				CLANG_WARN_COMMA = YES;
				CLANG_WARN_CONSTANT_CONVERSION = YES;
				CLANG_WARN_DEPRECATED_OBJC_IMPLEMENTATIONS = YES;
				CLANG_WARN_DIRECT_OBJC_ISA_USAGE = YES_ERROR;
				CLANG_WARN_DOCUMENTATION_COMMENTS = YES;
				CLANG_WARN_EMPTY_BODY = YES;
				CLANG_WARN_ENUM_CONVERSION = YES;
				CLANG_WARN_INFINITE_RECURSION = YES;
				CLANG_WARN_INT_CONVERSION = YES;
				CLANG_WARN_NON_LITERAL_NULL_CONVERSION = YES;
				CLANG_WARN_OBJC_IMPLICIT_RETAIN_SELF = YES;
				CLANG_WARN_OBJC_LITERAL_CONVERSION = YES;
				CLANG_WARN_OBJC_ROOT_CLASS = YES_ERROR;
				CLANG_WARN_QUOTED_INCLUDE_IN_FRAMEWORK_HEADER = YES;
				CLANG_WARN_RANGE_LOOP_ANALYSIS = YES;
				CLANG_WARN_STRICT_PROTOTYPES = YES;
				CLANG_WARN_SUSPICIOUS_MOVE = YES;
				CLANG_WARN_UNGUARDED_AVAILABILITY = YES_AGGRESSIVE;
				CLANG_WARN_UNREACHABLE_CODE = YES;
				CLANG_WARN__DUPLICATE_METHOD_MATCH = YES;
				COPY_PHASE_STRIP = NO;
				DEBUG_INFORMATION_FORMAT = "dwarf-with-dsym";
				ENABLE_NS_ASSERTIONS = NO;
				ENABLE_STRICT_OBJC_MSGSEND = YES;
				GCC_C_LANGUAGE_STANDARD = gnu11;
				GCC_NO_COMMON_BLOCKS = YES;
				GCC_WARN_64_TO_32_BIT_CONVERSION = YES;
				GCC_WARN_ABOUT_RETURN_TYPE = YES_ERROR;
				GCC_WARN_UNDECLARED_SELECTOR = YES;
				GCC_WARN_UNINITIALIZED_AUTOS = YES_AGGRESSIVE;
				GCC_WARN_UNUSED_FUNCTION = YES;
				GCC_WARN_UNUSED_VARIABLE = YES;
				IPHONEOS_DEPLOYMENT_TARGET = 16.2;
				MTL_ENABLE_DEBUG_INFO = NO;
				MTL_FAST_MATH = YES;
				SDKROOT = iphoneos;
				SWIFT_COMPILATION_MODE = wholemodule;
				SWIFT_OPTIMIZATION_LEVEL = "-O";
				VALIDATE_PRODUCT = YES;
			};
			name = Release;
		};
		11D7AA1C297F047000FDC720 /* Debug */ = {
			isa = XCBuildConfiguration;
			buildSettings = {
				ASSETCATALOG_COMPILER_APPICON_NAME = AppIcon;
				ASSETCATALOG_COMPILER_GLOBAL_ACCENT_COLOR_NAME = AccentColor;
				CODE_SIGN_STYLE = Automatic;
				CURRENT_PROJECT_VERSION = 1;
				DEVELOPMENT_ASSET_PATHS = "\"FreshRecepies/Preview Content\"";
				ENABLE_PREVIEWS = YES;
				GENERATE_INFOPLIST_FILE = YES;
				INFOPLIST_KEY_UIApplicationSceneManifest_Generation = YES;
				INFOPLIST_KEY_UIApplicationSupportsIndirectInputEvents = YES;
				INFOPLIST_KEY_UILaunchScreen_Generation = YES;
				INFOPLIST_KEY_UISupportedInterfaceOrientations_iPad = "UIInterfaceOrientationPortrait UIInterfaceOrientationPortraitUpsideDown UIInterfaceOrientationLandscapeLeft UIInterfaceOrientationLandscapeRight";
				INFOPLIST_KEY_UISupportedInterfaceOrientations_iPhone = "UIInterfaceOrientationPortrait UIInterfaceOrientationLandscapeLeft UIInterfaceOrientationLandscapeRight";
				LD_RUNPATH_SEARCH_PATHS = (
					"$(inherited)",
					"@executable_path/Frameworks",
				);
				MARKETING_VERSION = 1.0;
				PRODUCT_BUNDLE_IDENTIFIER = FreshRecepies.FreshRecepies;
				PRODUCT_NAME = "$(TARGET_NAME)";
				SWIFT_EMIT_LOC_STRINGS = YES;
				SWIFT_VERSION = 5.0;
				TARGETED_DEVICE_FAMILY = "1,2";
			};
			name = Debug;
		};
		11D7AA1D297F047000FDC720 /* Release */ = {
			isa = XCBuildConfiguration;
			buildSettings = {
				ASSETCATALOG_COMPILER_APPICON_NAME = AppIcon;
				ASSETCATALOG_COMPILER_GLOBAL_ACCENT_COLOR_NAME = AccentColor;
				CODE_SIGN_STYLE = Automatic;
				CURRENT_PROJECT_VERSION = 1;
				DEVELOPMENT_ASSET_PATHS = "\"FreshRecepies/Preview Content\"";
				ENABLE_PREVIEWS = YES;
				GENERATE_INFOPLIST_FILE = YES;
				INFOPLIST_KEY_UIApplicationSceneManifest_Generation = YES;
				INFOPLIST_KEY_UIApplicationSupportsIndirectInputEvents = YES;
				INFOPLIST_KEY_UILaunchScreen_Generation = YES;
				INFOPLIST_KEY_UISupportedInterfaceOrientations_iPad = "UIInterfaceOrientationPortrait UIInterfaceOrientationPortraitUpsideDown UIInterfaceOrientationLandscapeLeft UIInterfaceOrientationLandscapeRight";
				INFOPLIST_KEY_UISupportedInterfaceOrientations_iPhone = "UIInterfaceOrientationPortrait UIInterfaceOrientationLandscapeLeft UIInterfaceOrientationLandscapeRight";
				LD_RUNPATH_SEARCH_PATHS = (
					"$(inherited)",
					"@executable_path/Frameworks",
				);
				MARKETING_VERSION = 1.0;
				PRODUCT_BUNDLE_IDENTIFIER = FreshRecepies.FreshRecepies;
				PRODUCT_NAME = "$(TARGET_NAME)";
				SWIFT_EMIT_LOC_STRINGS = YES;
				SWIFT_VERSION = 5.0;
				TARGETED_DEVICE_FAMILY = "1,2";
			};
			name = Release;
		};
		11D7AA1F297F047000FDC720 /* Debug */ = {
			isa = XCBuildConfiguration;
			buildSettings = {
				ALWAYS_EMBED_SWIFT_STANDARD_LIBRARIES = YES;
				BUNDLE_LOADER = "$(TEST_HOST)";
				CODE_SIGN_STYLE = Automatic;
				CURRENT_PROJECT_VERSION = 1;
				GENERATE_INFOPLIST_FILE = YES;
				IPHONEOS_DEPLOYMENT_TARGET = 16.2;
				MARKETING_VERSION = 1.0;
				PRODUCT_BUNDLE_IDENTIFIER = FreshRecepies.FreshRecepiesTests;
				PRODUCT_NAME = "$(TARGET_NAME)";
				SWIFT_EMIT_LOC_STRINGS = NO;
				SWIFT_VERSION = 5.0;
				TARGETED_DEVICE_FAMILY = "1,2";
				TEST_HOST = "$(BUILT_PRODUCTS_DIR)/FreshRecepies.app/$(BUNDLE_EXECUTABLE_FOLDER_PATH)/FreshRecepies";
			};
			name = Debug;
		};
		11D7AA20297F047000FDC720 /* Release */ = {
			isa = XCBuildConfiguration;
			buildSettings = {
				ALWAYS_EMBED_SWIFT_STANDARD_LIBRARIES = YES;
				BUNDLE_LOADER = "$(TEST_HOST)";
				CODE_SIGN_STYLE = Automatic;
				CURRENT_PROJECT_VERSION = 1;
				GENERATE_INFOPLIST_FILE = YES;
				IPHONEOS_DEPLOYMENT_TARGET = 16.2;
				MARKETING_VERSION = 1.0;
				PRODUCT_BUNDLE_IDENTIFIER = FreshRecepies.FreshRecepiesTests;
				PRODUCT_NAME = "$(TARGET_NAME)";
				SWIFT_EMIT_LOC_STRINGS = NO;
				SWIFT_VERSION = 5.0;
				TARGETED_DEVICE_FAMILY = "1,2";
				TEST_HOST = "$(BUILT_PRODUCTS_DIR)/FreshRecepies.app/$(BUNDLE_EXECUTABLE_FOLDER_PATH)/FreshRecepies";
			};
			name = Release;
		};
		11D7AA22297F047000FDC720 /* Debug */ = {
			isa = XCBuildConfiguration;
			buildSettings = {
				ALWAYS_EMBED_SWIFT_STANDARD_LIBRARIES = YES;
				CODE_SIGN_STYLE = Automatic;
				CURRENT_PROJECT_VERSION = 1;
				GENERATE_INFOPLIST_FILE = YES;
				MARKETING_VERSION = 1.0;
				PRODUCT_BUNDLE_IDENTIFIER = FreshRecepies.FreshRecepiesUITests;
				PRODUCT_NAME = "$(TARGET_NAME)";
				SWIFT_EMIT_LOC_STRINGS = NO;
				SWIFT_VERSION = 5.0;
				TARGETED_DEVICE_FAMILY = "1,2";
				TEST_TARGET_NAME = FreshRecepies;
			};
			name = Debug;
		};
		11D7AA23297F047000FDC720 /* Release */ = {
			isa = XCBuildConfiguration;
			buildSettings = {
				ALWAYS_EMBED_SWIFT_STANDARD_LIBRARIES = YES;
				CODE_SIGN_STYLE = Automatic;
				CURRENT_PROJECT_VERSION = 1;
				GENERATE_INFOPLIST_FILE = YES;
				MARKETING_VERSION = 1.0;
				PRODUCT_BUNDLE_IDENTIFIER = FreshRecepies.FreshRecepiesUITests;
				PRODUCT_NAME = "$(TARGET_NAME)";
				SWIFT_EMIT_LOC_STRINGS = NO;
				SWIFT_VERSION = 5.0;
				TARGETED_DEVICE_FAMILY = "1,2";
				TEST_TARGET_NAME = FreshRecepies;
			};
			name = Release;
		};
/* End XCBuildConfiguration section */

/* Begin XCConfigurationList section */
		11D7A9F2297F046E00FDC720 /* Build configuration list for PBXProject "FreshRecepies" */ = {
			isa = XCConfigurationList;
			buildConfigurations = (
				11D7AA19297F047000FDC720 /* Debug */,
				11D7AA1A297F047000FDC720 /* Release */,
			);
			defaultConfigurationIsVisible = 0;
			defaultConfigurationName = Release;
		};
		11D7AA1B297F047000FDC720 /* Build configuration list for PBXNativeTarget "FreshRecepies" */ = {
			isa = XCConfigurationList;
			buildConfigurations = (
				11D7AA1C297F047000FDC720 /* Debug */,
				11D7AA1D297F047000FDC720 /* Release */,
			);
			defaultConfigurationIsVisible = 0;
			defaultConfigurationName = Release;
		};
		11D7AA1E297F047000FDC720 /* Build configuration list for PBXNativeTarget "FreshRecepiesTests" */ = {
			isa = XCConfigurationList;
			buildConfigurations = (
				11D7AA1F297F047000FDC720 /* Debug */,
				11D7AA20297F047000FDC720 /* Release */,
			);
			defaultConfigurationIsVisible = 0;
			defaultConfigurationName = Release;
		};
		11D7AA21297F047000FDC720 /* Build configuration list for PBXNativeTarget "FreshRecepiesUITests" */ = {
			isa = XCConfigurationList;
			buildConfigurations = (
				11D7AA22297F047000FDC720 /* Debug */,
				11D7AA23297F047000FDC720 /* Release */,
			);
			defaultConfigurationIsVisible = 0;
			defaultConfigurationName = Release;
		};
/* End XCConfigurationList section */

/* Begin XCRemoteSwiftPackageReference section */
		114A9C092988F78A006C6320 /* XCRemoteSwiftPackageReference "firebase-ios-sdk" */ = {
			isa = XCRemoteSwiftPackageReference;
			repositoryURL = "https://github.com/firebase/firebase-ios-sdk";
			requirement = {
				kind = upToNextMajorVersion;
				minimumVersion = 9.0.0;
			};
		};
/* End XCRemoteSwiftPackageReference section */

/* Begin XCSwiftPackageProductDependency section */
		114A9C0A2988F78A006C6320 /* FirebaseAuth */ = {
			isa = XCSwiftPackageProductDependency;
			package = 114A9C092988F78A006C6320 /* XCRemoteSwiftPackageReference "firebase-ios-sdk" */;
			productName = FirebaseAuth;
		};
		114A9C0C2988F78A006C6320 /* FirebaseFirestore */ = {
			isa = XCSwiftPackageProductDependency;
			package = 114A9C092988F78A006C6320 /* XCRemoteSwiftPackageReference "firebase-ios-sdk" */;
			productName = FirebaseFirestore;
		};
		114A9C0E2988F78A006C6320 /* FirebaseFirestoreSwift */ = {
			isa = XCSwiftPackageProductDependency;
			package = 114A9C092988F78A006C6320 /* XCRemoteSwiftPackageReference "firebase-ios-sdk" */;
			productName = FirebaseFirestoreSwift;
		};
		114A9C102988F78A006C6320 /* FirebaseFunctions */ = {
			isa = XCSwiftPackageProductDependency;
			package = 114A9C092988F78A006C6320 /* XCRemoteSwiftPackageReference "firebase-ios-sdk" */;
			productName = FirebaseFunctions;
		};
/* End XCSwiftPackageProductDependency section */
	};
	rootObject = 11D7A9EF297F046E00FDC720 /* Project object */;
}
